
Microsoft Visual Studio Solution File, Format Version 12.00
# Visual Studio 15
Project("{FAE04EC0-301F-11D3-BF4B-00C04F79EFBC}") = "Assembly-CSharp-Editor", "Assembly-CSharp-Editor.csproj", "{B46BFF64-C504-EF67-876D-529189EB8F46}"
EndProject
Project("{FAE04EC0-301F-11D3-BF4B-00C04F79EFBC}") = "Assembly-CSharp", "Assembly-CSharp.csproj", "{9B6CE063-1D50-E985-4B4F-9E68ECF33A6C}"
EndProject
Global
	GlobalSection(SolutionConfigurationPlatforms) = preSolution
		Debug|Any CPU = Debug|Any CPU
		Release|Any CPU = Release|Any CPU
	EndGlobalSection
	GlobalSection(ProjectConfigurationPlatforms) = postSolution
		{B46BFF64-C504-EF67-876D-529189EB8F46}.Debug|Any CPU.ActiveCfg = Debug|Any CPU
		{B46BFF64-C504-EF67-876D-529189EB8F46}.Debug|Any CPU.Build.0 = Debug|Any CPU
		{B46BFF64-C504-EF67-876D-529189EB8F46}.Release|Any CPU.ActiveCfg = Release|Any CPU
		{B46BFF64-C504-EF67-876D-529189EB8F46}.Release|Any CPU.Build.0 = Release|Any CPU
		{9B6CE063-1D50-E985-4B4F-9E68ECF33A6C}.Debug|Any CPU.ActiveCfg = Debug|Any CPU
		{9B6CE063-1D50-E985-4B4F-9E68ECF33A6C}.Debug|Any CPU.Build.0 = Debug|Any CPU
		{9B6CE063-1D50-E985-4B4F-9E68ECF33A6C}.Release|Any CPU.ActiveCfg = Release|Any CPU
		{9B6CE063-1D50-E985-4B4F-9E68ECF33A6C}.Release|Any CPU.Build.0 = Release|Any CPU
	EndGlobalSection
	GlobalSection(SolutionProperties) = preSolution
		HideSolutionNode = FALSE
	EndGlobalSection
EndGlobal
